
Microsoft Visual Studio Solution File, Format Version 11.00
# Visual C# Express 2010
Project("{FAE04EC0-301F-11D3-BF4B-00C04F79EFBC}") = "MileageCalculator", "MileageCalculator\MileageCalculator.csproj", "{039C092A-D413-45D5-AF9E-3B190BFF8196}"
EndProject
Global
	GlobalSection(SolutionConfigurationPlatforms) = preSolution
		Debug|x86 = Debug|x86
		Release|x86 = Release|x86
	EndGlobalSection
	GlobalSection(ProjectConfigurationPlatforms) = postSolution
		{039C092A-D413-45D5-AF9E-3B190BFF8196}.Debug|x86.ActiveCfg = Debug|x86
		{039C092A-D413-45D5-AF9E-3B190BFF8196}.Debug|x86.Build.0 = Debug|x86
		{039C092A-D413-45D5-AF9E-3B190BFF8196}.Release|x86.ActiveCfg = Release|x86
		{039C092A-D413-45D5-AF9E-3B190BFF8196}.Release|x86.Build.0 = Release|x86
	EndGlobalSection
	GlobalSection(SolutionProperties) = preSolution
		HideSolutionNode = FALSE
	EndGlobalSection
EndGlobal
