
Microsoft Visual Studio Solution File, Format Version 11.00
# Visual C# Express 2010
Project("{FAE04EC0-301F-11D3-BF4B-00C04F79EFBC}") = "Time to start coding", "Time to start coding\Time to start coding.csproj", "{3197F118-750B-41FC-85EF-93E18C1AB48D}"
EndProject
Global
	GlobalSection(SolutionConfigurationPlatforms) = preSolution
		Debug|x86 = Debug|x86
		Release|x86 = Release|x86
	EndGlobalSection
	GlobalSection(ProjectConfigurationPlatforms) = postSolution
		{3197F118-750B-41FC-85EF-93E18C1AB48D}.Debug|x86.ActiveCfg = Debug|x86
		{3197F118-750B-41FC-85EF-93E18C1AB48D}.Debug|x86.Build.0 = Debug|x86
		{3197F118-750B-41FC-85EF-93E18C1AB48D}.Release|x86.ActiveCfg = Release|x86
		{3197F118-750B-41FC-85EF-93E18C1AB48D}.Release|x86.Build.0 = Release|x86
	EndGlobalSection
	GlobalSection(SolutionProperties) = preSolution
		HideSolutionNode = FALSE
	EndGlobalSection
EndGlobal
