
Microsoft Visual Studio Solution File, Format Version 11.00
# Visual C# Express 2010
Project("{FAE04EC0-301F-11D3-BF4B-00C04F79EFBC}") = "program that uses a class", "program that uses a class\program that uses a class.csproj", "{11FF12A8-7DD6-47A1-8C8D-97B88E2384BB}"
EndProject
Global
	GlobalSection(SolutionConfigurationPlatforms) = preSolution
		Debug|x86 = Debug|x86
		Release|x86 = Release|x86
	EndGlobalSection
	GlobalSection(ProjectConfigurationPlatforms) = postSolution
		{11FF12A8-7DD6-47A1-8C8D-97B88E2384BB}.Debug|x86.ActiveCfg = Debug|x86
		{11FF12A8-7DD6-47A1-8C8D-97B88E2384BB}.Debug|x86.Build.0 = Debug|x86
		{11FF12A8-7DD6-47A1-8C8D-97B88E2384BB}.Release|x86.ActiveCfg = Release|x86
		{11FF12A8-7DD6-47A1-8C8D-97B88E2384BB}.Release|x86.Build.0 = Release|x86
	EndGlobalSection
	GlobalSection(SolutionProperties) = preSolution
		HideSolutionNode = FALSE
	EndGlobalSection
EndGlobal
