
Microsoft Visual Studio Solution File, Format Version 11.00
# Visual C# Express 2010
Project("{FAE04EC0-301F-11D3-BF4B-00C04F79EFBC}") = "MenuMaker", "MenuMaker\MenuMaker.csproj", "{D499F04C-EB4A-43A5-8263-A70DE34B655A}"
EndProject
Global
	GlobalSection(SolutionConfigurationPlatforms) = preSolution
		Debug|x86 = Debug|x86
		Release|x86 = Release|x86
	EndGlobalSection
	GlobalSection(ProjectConfigurationPlatforms) = postSolution
		{D499F04C-EB4A-43A5-8263-A70DE34B655A}.Debug|x86.ActiveCfg = Debug|x86
		{D499F04C-EB4A-43A5-8263-A70DE34B655A}.Debug|x86.Build.0 = Debug|x86
		{D499F04C-EB4A-43A5-8263-A70DE34B655A}.Release|x86.ActiveCfg = Release|x86
		{D499F04C-EB4A-43A5-8263-A70DE34B655A}.Release|x86.Build.0 = Release|x86
	EndGlobalSection
	GlobalSection(SolutionProperties) = preSolution
		HideSolutionNode = FALSE
	EndGlobalSection
EndGlobal
